
Microsoft Visual Studio Solution File, Format Version 12.00
Project("{FAE04EC0-301F-11D3-BF4B-00C04F79EFBC}") = "ComputerSimulator", "ComputerSimulator\ComputerSimulator.csproj", "{0A7AFC49-CD04-46FD-82F6-85E2BFB910FB}"
EndProject
Project("{FAE04EC0-301F-11D3-BF4B-00C04F79EFBC}") = "ComputerSimulator.Graphics", "ComputerSimulator.Graphics\ComputerSimulator.Graphics.csproj", "{9B053FFF-1871-4E0D-9056-247DF8353FEB}"
EndProject
Project("{FAE04EC0-301F-11D3-BF4B-00C04F79EFBC}") = "ComputerSimulator.Core", "ComputerSimulator.Core\ComputerSimulator.Core.csproj", "{E0214582-E8BC-4D2C-8FE5-454507EBA3B6}"
EndProject
Project("{2150E333-8FDC-42A3-9474-1A3956D46DE8}") = "SolutionFolder", "SolutionFolder", "{6614C774-3238-4F81-A32F-78E69951EA0C}"
	ProjectSection(SolutionItems) = preProject
		.gitignore = .gitignore
		ComputerSimulator.sln = ComputerSimulator.sln
	EndProjectSection
EndProject
Project("{FAE04EC0-301F-11D3-BF4B-00C04F79EFBC}") = "Avoid.MessageBroker", "Avoid.MessageBroker\Avoid.MessageBroker.csproj", "{31560884-C68A-4473-81C3-60FE3A056DB4}"
EndProject
Project("{2150E333-8FDC-42A3-9474-1A3956D46DE8}") = "MessageBroker", "MessageBroker", "{3B90A01A-F5E5-4CDA-B005-0988D1E9D162}"
EndProject
Project("{FAE04EC0-301F-11D3-BF4B-00C04F79EFBC}") = "Avoid.MessageBroker.TestBed", "Avoid.MessageBroker.TestBed\Avoid.MessageBroker.TestBed.csproj", "{8576CFFA-6FB8-4908-A561-E34123811B41}"
EndProject
Project("{FAE04EC0-301F-11D3-BF4B-00C04F79EFBC}") = "Avoid.MessageBroker.DependencyInjection", "Avoid.MessageBroker.DependencyInjection\Avoid.MessageBroker.DependencyInjection.csproj", "{D9F54E87-6F28-4809-AC37-D43BEC650D5C}"
EndProject
Global
	GlobalSection(SolutionConfigurationPlatforms) = preSolution
		Debug|Any CPU = Debug|Any CPU
		Release|Any CPU = Release|Any CPU
	EndGlobalSection
	GlobalSection(ProjectConfigurationPlatforms) = postSolution
		{0A7AFC49-CD04-46FD-82F6-85E2BFB910FB}.Debug|Any CPU.ActiveCfg = Debug|Any CPU
		{0A7AFC49-CD04-46FD-82F6-85E2BFB910FB}.Debug|Any CPU.Build.0 = Debug|Any CPU
		{0A7AFC49-CD04-46FD-82F6-85E2BFB910FB}.Release|Any CPU.ActiveCfg = Release|Any CPU
		{0A7AFC49-CD04-46FD-82F6-85E2BFB910FB}.Release|Any CPU.Build.0 = Release|Any CPU
		{9B053FFF-1871-4E0D-9056-247DF8353FEB}.Debug|Any CPU.ActiveCfg = Debug|Any CPU
		{9B053FFF-1871-4E0D-9056-247DF8353FEB}.Debug|Any CPU.Build.0 = Debug|Any CPU
		{9B053FFF-1871-4E0D-9056-247DF8353FEB}.Release|Any CPU.ActiveCfg = Release|Any CPU
		{9B053FFF-1871-4E0D-9056-247DF8353FEB}.Release|Any CPU.Build.0 = Release|Any CPU
		{E0214582-E8BC-4D2C-8FE5-454507EBA3B6}.Debug|Any CPU.ActiveCfg = Debug|Any CPU
		{E0214582-E8BC-4D2C-8FE5-454507EBA3B6}.Debug|Any CPU.Build.0 = Debug|Any CPU
		{E0214582-E8BC-4D2C-8FE5-454507EBA3B6}.Release|Any CPU.ActiveCfg = Release|Any CPU
		{E0214582-E8BC-4D2C-8FE5-454507EBA3B6}.Release|Any CPU.Build.0 = Release|Any CPU
		{31560884-C68A-4473-81C3-60FE3A056DB4}.Debug|Any CPU.ActiveCfg = Debug|Any CPU
		{31560884-C68A-4473-81C3-60FE3A056DB4}.Debug|Any CPU.Build.0 = Debug|Any CPU
		{31560884-C68A-4473-81C3-60FE3A056DB4}.Release|Any CPU.ActiveCfg = Release|Any CPU
		{31560884-C68A-4473-81C3-60FE3A056DB4}.Release|Any CPU.Build.0 = Release|Any CPU
		{8576CFFA-6FB8-4908-A561-E34123811B41}.Debug|Any CPU.ActiveCfg = Debug|Any CPU
		{8576CFFA-6FB8-4908-A561-E34123811B41}.Debug|Any CPU.Build.0 = Debug|Any CPU
		{8576CFFA-6FB8-4908-A561-E34123811B41}.Release|Any CPU.ActiveCfg = Release|Any CPU
		{8576CFFA-6FB8-4908-A561-E34123811B41}.Release|Any CPU.Build.0 = Release|Any CPU
		{D9F54E87-6F28-4809-AC37-D43BEC650D5C}.Debug|Any CPU.ActiveCfg = Debug|Any CPU
		{D9F54E87-6F28-4809-AC37-D43BEC650D5C}.Debug|Any CPU.Build.0 = Debug|Any CPU
		{D9F54E87-6F28-4809-AC37-D43BEC650D5C}.Release|Any CPU.ActiveCfg = Release|Any CPU
		{D9F54E87-6F28-4809-AC37-D43BEC650D5C}.Release|Any CPU.Build.0 = Release|Any CPU
	EndGlobalSection
	GlobalSection(NestedProjects) = preSolution
		{31560884-C68A-4473-81C3-60FE3A056DB4} = {3B90A01A-F5E5-4CDA-B005-0988D1E9D162}
		{8576CFFA-6FB8-4908-A561-E34123811B41} = {3B90A01A-F5E5-4CDA-B005-0988D1E9D162}
		{D9F54E87-6F28-4809-AC37-D43BEC650D5C} = {3B90A01A-F5E5-4CDA-B005-0988D1E9D162}
	EndGlobalSection
EndGlobal
