
Microsoft Visual Studio Solution File, Format Version 12.00
Project("{FAE04EC0-301F-11D3-BF4B-00C04F79EFBC}") = "ComputerSimulator", "ComputerSimulator\ComputerSimulator.csproj", "{0A7AFC49-CD04-46FD-82F6-85E2BFB910FB}"
EndProject
Project("{FAE04EC0-301F-11D3-BF4B-00C04F79EFBC}") = "ComputerSimulator.Graphics", "ComputerSimulator.Graphics\ComputerSimulator.Graphics.csproj", "{9B053FFF-1871-4E0D-9056-247DF8353FEB}"
EndProject
Project("{FAE04EC0-301F-11D3-BF4B-00C04F79EFBC}") = "ComputerSimulator.Core", "ComputerSimulator.Core\ComputerSimulator.Core.csproj", "{E0214582-E8BC-4D2C-8FE5-454507EBA3B6}"
EndProject
Project("{2150E333-8FDC-42A3-9474-1A3956D46DE8}") = "SolutionFolder", "SolutionFolder", "{6614C774-3238-4F81-A32F-78E69951EA0C}"
	ProjectSection(SolutionItems) = preProject
		.gitignore = .gitignore
		ComputerSimulator.sln = ComputerSimulator.sln
		docs\ROADMAP.md = docs\ROADMAP.md
		AGENTS.md = AGENTS.md
		CLAUDE.md = CLAUDE.md
		programs\stdlib\io.asm = programs\stdlib\io.asm
		programs\display-pattern.asm = programs\display-pattern.asm
	EndProjectSection
EndProject
Project("{2150E333-8FDC-42A3-9474-1A3956D46DE8}") = "Tests", "Tests", "{AC3A0E54-B85A-4B76-93C1-0E59708C3480}"
EndProject
Project("{FAE04EC0-301F-11D3-BF4B-00C04F79EFBC}") = "ComputerSimulator.Core.Tests", "ComputerSimulator.Core.Tests\ComputerSimulator.Core.Tests.csproj", "{0B420ED1-26D0-4DE7-8859-9DA9878E6074}"
EndProject
Project("{FAE04EC0-301F-11D3-BF4B-00C04F79EFBC}") = "ComputerSimulator.TestUtilities", "ComputerSimulator.TestUtilities\ComputerSimulator.TestUtilities.csproj", "{B2747A35-5AB0-4195-9BB0-16BD026F599E}"
EndProject
Project("{FAE04EC0-301F-11D3-BF4B-00C04F79EFBC}") = "ComputerSimulator.IntegrationTests", "ComputerSimulator.IntegrationTests\ComputerSimulator.IntegrationTests.csproj", "{C94411F1-747C-4012-8470-47C467CF5429}"
EndProject
Project("{FAE04EC0-301F-11D3-BF4B-00C04F79EFBC}") = "ComputerSimulator.Performance", "ComputerSimulator.Performance\ComputerSimulator.Performance.csproj", "{CEB37B01-6F8C-4CAB-9894-66C28E240B10}"
EndProject
Project("{FAE04EC0-301F-11D3-BF4B-00C04F79EFBC}") = "ComputerSimulator.Assembler", "ComputerSimulator.Assembler\ComputerSimulator.Assembler.csproj", "{0A6977D3-1299-42B2-9BEF-F4EBBFDBA083}"
EndProject
Project("{FAE04EC0-301F-11D3-BF4B-00C04F79EFBC}") = "ComputerSimulator.Assembler.Cli", "ComputerSimulator.Assembler.Cli\ComputerSimulator.Assembler.Cli.csproj", "{EE66C2AE-7FAF-4CD4-BA56-568F1E5624CD}"
EndProject
Project("{FAE04EC0-301F-11D3-BF4B-00C04F79EFBC}") = "ComputerSimulator.Assembler.Tests", "ComputerSimulator.Assembler.Tests\ComputerSimulator.Assembler.Tests.csproj", "{2C65DE11-B35F-4F76-A3A0-82FA92A9AFAF}"
EndProject
Project("{2150E333-8FDC-42A3-9474-1A3956D46DE8}") = "Assembler", "Assembler", "{02ECF1FF-2314-4EED-8A75-3566F6E4FB90}"
EndProject
Global
	GlobalSection(SolutionConfigurationPlatforms) = preSolution
		Debug|Any CPU = Debug|Any CPU
		Release|Any CPU = Release|Any CPU
	EndGlobalSection
	GlobalSection(ProjectConfigurationPlatforms) = postSolution
		{0A7AFC49-CD04-46FD-82F6-85E2BFB910FB}.Debug|Any CPU.ActiveCfg = Debug|Any CPU
		{0A7AFC49-CD04-46FD-82F6-85E2BFB910FB}.Debug|Any CPU.Build.0 = Debug|Any CPU
		{0A7AFC49-CD04-46FD-82F6-85E2BFB910FB}.Release|Any CPU.ActiveCfg = Release|Any CPU
		{0A7AFC49-CD04-46FD-82F6-85E2BFB910FB}.Release|Any CPU.Build.0 = Release|Any CPU
		{9B053FFF-1871-4E0D-9056-247DF8353FEB}.Debug|Any CPU.ActiveCfg = Debug|Any CPU
		{9B053FFF-1871-4E0D-9056-247DF8353FEB}.Debug|Any CPU.Build.0 = Debug|Any CPU
		{9B053FFF-1871-4E0D-9056-247DF8353FEB}.Release|Any CPU.ActiveCfg = Release|Any CPU
		{9B053FFF-1871-4E0D-9056-247DF8353FEB}.Release|Any CPU.Build.0 = Release|Any CPU
		{E0214582-E8BC-4D2C-8FE5-454507EBA3B6}.Debug|Any CPU.ActiveCfg = Debug|Any CPU
		{E0214582-E8BC-4D2C-8FE5-454507EBA3B6}.Debug|Any CPU.Build.0 = Debug|Any CPU
		{E0214582-E8BC-4D2C-8FE5-454507EBA3B6}.Release|Any CPU.ActiveCfg = Release|Any CPU
		{E0214582-E8BC-4D2C-8FE5-454507EBA3B6}.Release|Any CPU.Build.0 = Release|Any CPU
		{0B420ED1-26D0-4DE7-8859-9DA9878E6074}.Debug|Any CPU.ActiveCfg = Debug|Any CPU
		{0B420ED1-26D0-4DE7-8859-9DA9878E6074}.Debug|Any CPU.Build.0 = Debug|Any CPU
		{0B420ED1-26D0-4DE7-8859-9DA9878E6074}.Release|Any CPU.ActiveCfg = Release|Any CPU
		{0B420ED1-26D0-4DE7-8859-9DA9878E6074}.Release|Any CPU.Build.0 = Release|Any CPU
		{B2747A35-5AB0-4195-9BB0-16BD026F599E}.Debug|Any CPU.ActiveCfg = Debug|Any CPU
		{B2747A35-5AB0-4195-9BB0-16BD026F599E}.Debug|Any CPU.Build.0 = Debug|Any CPU
		{B2747A35-5AB0-4195-9BB0-16BD026F599E}.Release|Any CPU.ActiveCfg = Release|Any CPU
		{B2747A35-5AB0-4195-9BB0-16BD026F599E}.Release|Any CPU.Build.0 = Release|Any CPU
		{C94411F1-747C-4012-8470-47C467CF5429}.Debug|Any CPU.ActiveCfg = Debug|Any CPU
		{C94411F1-747C-4012-8470-47C467CF5429}.Debug|Any CPU.Build.0 = Debug|Any CPU
		{C94411F1-747C-4012-8470-47C467CF5429}.Release|Any CPU.ActiveCfg = Release|Any CPU
		{C94411F1-747C-4012-8470-47C467CF5429}.Release|Any CPU.Build.0 = Release|Any CPU
		{CEB37B01-6F8C-4CAB-9894-66C28E240B10}.Debug|Any CPU.ActiveCfg = Debug|Any CPU
		{CEB37B01-6F8C-4CAB-9894-66C28E240B10}.Debug|Any CPU.Build.0 = Debug|Any CPU
		{CEB37B01-6F8C-4CAB-9894-66C28E240B10}.Release|Any CPU.ActiveCfg = Release|Any CPU
		{CEB37B01-6F8C-4CAB-9894-66C28E240B10}.Release|Any CPU.Build.0 = Release|Any CPU
		{0A6977D3-1299-42B2-9BEF-F4EBBFDBA083}.Debug|Any CPU.ActiveCfg = Debug|Any CPU
		{0A6977D3-1299-42B2-9BEF-F4EBBFDBA083}.Debug|Any CPU.Build.0 = Debug|Any CPU
		{0A6977D3-1299-42B2-9BEF-F4EBBFDBA083}.Release|Any CPU.ActiveCfg = Release|Any CPU
		{0A6977D3-1299-42B2-9BEF-F4EBBFDBA083}.Release|Any CPU.Build.0 = Release|Any CPU
		{EE66C2AE-7FAF-4CD4-BA56-568F1E5624CD}.Debug|Any CPU.ActiveCfg = Debug|Any CPU
		{EE66C2AE-7FAF-4CD4-BA56-568F1E5624CD}.Debug|Any CPU.Build.0 = Debug|Any CPU
		{EE66C2AE-7FAF-4CD4-BA56-568F1E5624CD}.Release|Any CPU.ActiveCfg = Release|Any CPU
		{EE66C2AE-7FAF-4CD4-BA56-568F1E5624CD}.Release|Any CPU.Build.0 = Release|Any CPU
		{2C65DE11-B35F-4F76-A3A0-82FA92A9AFAF}.Debug|Any CPU.ActiveCfg = Debug|Any CPU
		{2C65DE11-B35F-4F76-A3A0-82FA92A9AFAF}.Debug|Any CPU.Build.0 = Debug|Any CPU
		{2C65DE11-B35F-4F76-A3A0-82FA92A9AFAF}.Release|Any CPU.ActiveCfg = Release|Any CPU
		{2C65DE11-B35F-4F76-A3A0-82FA92A9AFAF}.Release|Any CPU.Build.0 = Release|Any CPU
	EndGlobalSection
	GlobalSection(NestedProjects) = preSolution
		{0B420ED1-26D0-4DE7-8859-9DA9878E6074} = {AC3A0E54-B85A-4B76-93C1-0E59708C3480}
		{B2747A35-5AB0-4195-9BB0-16BD026F599E} = {AC3A0E54-B85A-4B76-93C1-0E59708C3480}
		{C94411F1-747C-4012-8470-47C467CF5429} = {AC3A0E54-B85A-4B76-93C1-0E59708C3480}
		{2C65DE11-B35F-4F76-A3A0-82FA92A9AFAF} = {AC3A0E54-B85A-4B76-93C1-0E59708C3480}
		{0A6977D3-1299-42B2-9BEF-F4EBBFDBA083} = {02ECF1FF-2314-4EED-8A75-3566F6E4FB90}
		{EE66C2AE-7FAF-4CD4-BA56-568F1E5624CD} = {02ECF1FF-2314-4EED-8A75-3566F6E4FB90}
	EndGlobalSection
EndGlobal
